
Microsoft Visual Studio Solution File, Format Version 12.00
# Visual Studio Version 16
VisualStudioVersion = 16.0.29728.190
MinimumVisualStudioVersion = 10.0.40219.1
Project("{FAE04EC0-301F-11D3-BF4B-00C04F79EFBC}") = "FoodPantry", "FoodPantry\FoodPantry.csproj", "{94E59D2F-ED01-43E6-BB20-9B4D87D09BEC}"
EndProject
Global
	GlobalSection(SolutionConfigurationPlatforms) = preSolution
		Debug|Any CPU = Debug|Any CPU
		Release|Any CPU = Release|Any CPU
	EndGlobalSection
	GlobalSection(ProjectConfigurationPlatforms) = postSolution
		{94E59D2F-ED01-43E6-BB20-9B4D87D09BEC}.Debug|Any CPU.ActiveCfg = Debug|Any CPU
		{94E59D2F-ED01-43E6-BB20-9B4D87D09BEC}.Debug|Any CPU.Build.0 = Debug|Any CPU
		{94E59D2F-ED01-43E6-BB20-9B4D87D09BEC}.Release|Any CPU.ActiveCfg = Release|Any CPU
		{94E59D2F-ED01-43E6-BB20-9B4D87D09BEC}.Release|Any CPU.Build.0 = Release|Any CPU
	EndGlobalSection
	GlobalSection(SolutionProperties) = preSolution
		HideSolutionNode = FALSE
	EndGlobalSection
	GlobalSection(ExtensibilityGlobals) = postSolution
		SolutionGuid = {A907D113-2290-419B-AD0A-9009E1562B40}
	EndGlobalSection
EndGlobal
